
Microsoft Visual Studio Solution File, Format Version 12.00
# Visual Studio Version 17
VisualStudioVersion = 17.5.33502.453
MinimumVisualStudioVersion = 10.0.40219.1
Project("{9A19103F-16F7-4668-BE54-9A1E7A4F7556}") = "SE_PoliceInspectorate", "SE_PoliceInspectorate.csproj", "{2DBB8E5F-EB1E-4D8D-BBB8-CBF47E72EADB}"
EndProject
Project("{2150E333-8FDC-42A3-9474-1A3956D46DE8}") = "Presentation", "Presentation", "{87C9B955-BE1B-4400-88CB-B56AB3427D2D}"
EndProject
Project("{2150E333-8FDC-42A3-9474-1A3956D46DE8}") = "AppLogic", "AppLogic", "{7FA45A66-2B41-4A92-A420-6815D1AE198D}"
EndProject
Project("{2150E333-8FDC-42A3-9474-1A3956D46DE8}") = "DataAccess", "DataAccess", "{78B27E12-C135-4167-BEB8-A9F063A54CE4}"
EndProject
Project("{9A19103F-16F7-4668-BE54-9A1E7A4F7556}") = "SE_PoliceInspectorate.Logic", "..\SE_PoliceInspectorate.Logic\SE_PoliceInspectorate.Logic.csproj", "{40A596EB-9219-4A00-B31D-2042B3688048}"
EndProject
Project("{9A19103F-16F7-4668-BE54-9A1E7A4F7556}") = "SE_PoliceInspectorate.DataAccess.Abstractions", "..\SE_PoliceInspectorate.DataAccess.Abstractions\SE_PoliceInspectorate.DataAccess.Abstractions.csproj", "{254C1844-A79D-43F3-8140-0741BF884986}"
EndProject
Project("{9A19103F-16F7-4668-BE54-9A1E7A4F7556}") = "SE_PoliceInspectorate.DataAccess.EF", "..\SE_PoliceInspectorate.DataAccess.EF\SE_PoliceInspectorate.DataAccess.EF.csproj", "{0CB2A5E3-2333-4504-A98B-78EC1F50226D}"
EndProject
Project("{9A19103F-16F7-4668-BE54-9A1E7A4F7556}") = "SE_PoliceInspectorate.DataAccess.Model", "..\SE_PoliceInspectorate.DataAccess.Model\SE_PoliceInspectorate.DataAccess.Model.csproj", "{A9D39E8B-A5A5-4F30-96F8-D142CC50B25B}"
EndProject
Project("{2150E333-8FDC-42A3-9474-1A3956D46DE8}") = "Tests", "Tests", "{0F7AB8C7-B189-458C-806C-63789EFF492B}"
EndProject
Project("{9A19103F-16F7-4668-BE54-9A1E7A4F7556}") = "SE_PoliceInspectorate.UnitTestsConference", "..\SE_PoliceInspectorate.UnitTests\SE_PoliceInspectorate.UnitTestsConference.csproj", "{DEC4BC9C-DC88-40DA-ACA5-8B0020F705FB}"
EndProject
Project("{9A19103F-16F7-4668-BE54-9A1E7A4F7556}") = "SE_PoliceInspectorate.UnitTestUser", "..\SE_PoliceInspectorate.UnitTestUser\SE_PoliceInspectorate.UnitTestUser.csproj", "{A8ACE2D7-FE3B-453B-9361-E6EFA8921DA9}"
EndProject
Project("{9A19103F-16F7-4668-BE54-9A1E7A4F7556}") = "SE_PoliceInspectorate.UnitTestsClassifiedFiles", "..\SE_PoliceInspectorate.UnitTestsClassifiedFiles\SE_PoliceInspectorate.UnitTestsClassifiedFiles.csproj", "{8672C05B-E639-418C-8617-1982857F75B3}"
EndProject
Project("{9A19103F-16F7-4668-BE54-9A1E7A4F7556}") = "SE_PoliceInspectorate.AutomatedTestsConference_v2", "..\SE_PoliceInspectorate.AutomatedTestsConference_v2\SE_PoliceInspectorate.AutomatedTestsConference_v2.csproj", "{3E3C44C1-E26A-4C44-A7AE-96DAB872541A}"
EndProject
Project("{9A19103F-16F7-4668-BE54-9A1E7A4F7556}") = "SE_PoliceInspectorate.AutomatedTestsUser", "..\SE_PoliceInspectorate.AutomatedTestsUser\SE_PoliceInspectorate.AutomatedTestsUser.csproj", "{89D28755-BC99-404D-AF86-E59EC0422F7A}"
EndProject
Project("{FAE04EC0-301F-11D3-BF4B-00C04F79EFBC}") = "SE_PoliceInspectorate.AutomatedTestsClassifiedFiles", "..\SE_PoliceInspectorate.AutomatedTestsClassifiedFiles\SE_PoliceInspectorate.AutomatedTestsClassifiedFiles.csproj", "{15070F85-7B5E-4B07-AE06-E7750730E937}"
EndProject
Global
	GlobalSection(SolutionConfigurationPlatforms) = preSolution
		Debug|Any CPU = Debug|Any CPU
		Release|Any CPU = Release|Any CPU
	EndGlobalSection
	GlobalSection(ProjectConfigurationPlatforms) = postSolution
		{2DBB8E5F-EB1E-4D8D-BBB8-CBF47E72EADB}.Debug|Any CPU.ActiveCfg = Debug|Any CPU
		{2DBB8E5F-EB1E-4D8D-BBB8-CBF47E72EADB}.Debug|Any CPU.Build.0 = Debug|Any CPU
		{2DBB8E5F-EB1E-4D8D-BBB8-CBF47E72EADB}.Release|Any CPU.ActiveCfg = Release|Any CPU
		{2DBB8E5F-EB1E-4D8D-BBB8-CBF47E72EADB}.Release|Any CPU.Build.0 = Release|Any CPU
		{40A596EB-9219-4A00-B31D-2042B3688048}.Debug|Any CPU.ActiveCfg = Debug|Any CPU
		{40A596EB-9219-4A00-B31D-2042B3688048}.Debug|Any CPU.Build.0 = Debug|Any CPU
		{40A596EB-9219-4A00-B31D-2042B3688048}.Release|Any CPU.ActiveCfg = Release|Any CPU
		{40A596EB-9219-4A00-B31D-2042B3688048}.Release|Any CPU.Build.0 = Release|Any CPU
		{254C1844-A79D-43F3-8140-0741BF884986}.Debug|Any CPU.ActiveCfg = Debug|Any CPU
		{254C1844-A79D-43F3-8140-0741BF884986}.Debug|Any CPU.Build.0 = Debug|Any CPU
		{254C1844-A79D-43F3-8140-0741BF884986}.Release|Any CPU.ActiveCfg = Release|Any CPU
		{254C1844-A79D-43F3-8140-0741BF884986}.Release|Any CPU.Build.0 = Release|Any CPU
		{0CB2A5E3-2333-4504-A98B-78EC1F50226D}.Debug|Any CPU.ActiveCfg = Debug|Any CPU
		{0CB2A5E3-2333-4504-A98B-78EC1F50226D}.Debug|Any CPU.Build.0 = Debug|Any CPU
		{0CB2A5E3-2333-4504-A98B-78EC1F50226D}.Release|Any CPU.ActiveCfg = Release|Any CPU
		{0CB2A5E3-2333-4504-A98B-78EC1F50226D}.Release|Any CPU.Build.0 = Release|Any CPU
		{A9D39E8B-A5A5-4F30-96F8-D142CC50B25B}.Debug|Any CPU.ActiveCfg = Debug|Any CPU
		{A9D39E8B-A5A5-4F30-96F8-D142CC50B25B}.Debug|Any CPU.Build.0 = Debug|Any CPU
		{A9D39E8B-A5A5-4F30-96F8-D142CC50B25B}.Release|Any CPU.ActiveCfg = Release|Any CPU
		{A9D39E8B-A5A5-4F30-96F8-D142CC50B25B}.Release|Any CPU.Build.0 = Release|Any CPU
		{DEC4BC9C-DC88-40DA-ACA5-8B0020F705FB}.Debug|Any CPU.ActiveCfg = Debug|Any CPU
		{DEC4BC9C-DC88-40DA-ACA5-8B0020F705FB}.Debug|Any CPU.Build.0 = Debug|Any CPU
		{DEC4BC9C-DC88-40DA-ACA5-8B0020F705FB}.Release|Any CPU.ActiveCfg = Release|Any CPU
		{DEC4BC9C-DC88-40DA-ACA5-8B0020F705FB}.Release|Any CPU.Build.0 = Release|Any CPU
		{A8ACE2D7-FE3B-453B-9361-E6EFA8921DA9}.Debug|Any CPU.ActiveCfg = Debug|Any CPU
		{A8ACE2D7-FE3B-453B-9361-E6EFA8921DA9}.Debug|Any CPU.Build.0 = Debug|Any CPU
		{A8ACE2D7-FE3B-453B-9361-E6EFA8921DA9}.Release|Any CPU.ActiveCfg = Release|Any CPU
		{A8ACE2D7-FE3B-453B-9361-E6EFA8921DA9}.Release|Any CPU.Build.0 = Release|Any CPU
		{8672C05B-E639-418C-8617-1982857F75B3}.Debug|Any CPU.ActiveCfg = Debug|Any CPU
		{8672C05B-E639-418C-8617-1982857F75B3}.Debug|Any CPU.Build.0 = Debug|Any CPU
		{8672C05B-E639-418C-8617-1982857F75B3}.Release|Any CPU.ActiveCfg = Release|Any CPU
		{8672C05B-E639-418C-8617-1982857F75B3}.Release|Any CPU.Build.0 = Release|Any CPU
		{3E3C44C1-E26A-4C44-A7AE-96DAB872541A}.Debug|Any CPU.ActiveCfg = Debug|Any CPU
		{3E3C44C1-E26A-4C44-A7AE-96DAB872541A}.Debug|Any CPU.Build.0 = Debug|Any CPU
		{3E3C44C1-E26A-4C44-A7AE-96DAB872541A}.Release|Any CPU.ActiveCfg = Release|Any CPU
		{3E3C44C1-E26A-4C44-A7AE-96DAB872541A}.Release|Any CPU.Build.0 = Release|Any CPU
		{89D28755-BC99-404D-AF86-E59EC0422F7A}.Debug|Any CPU.ActiveCfg = Debug|Any CPU
		{89D28755-BC99-404D-AF86-E59EC0422F7A}.Debug|Any CPU.Build.0 = Debug|Any CPU
		{89D28755-BC99-404D-AF86-E59EC0422F7A}.Release|Any CPU.ActiveCfg = Release|Any CPU
		{89D28755-BC99-404D-AF86-E59EC0422F7A}.Release|Any CPU.Build.0 = Release|Any CPU
		{15070F85-7B5E-4B07-AE06-E7750730E937}.Debug|Any CPU.ActiveCfg = Debug|Any CPU
		{15070F85-7B5E-4B07-AE06-E7750730E937}.Debug|Any CPU.Build.0 = Debug|Any CPU
		{15070F85-7B5E-4B07-AE06-E7750730E937}.Release|Any CPU.ActiveCfg = Release|Any CPU
		{15070F85-7B5E-4B07-AE06-E7750730E937}.Release|Any CPU.Build.0 = Release|Any CPU
	EndGlobalSection
	GlobalSection(SolutionProperties) = preSolution
		HideSolutionNode = FALSE
	EndGlobalSection
	GlobalSection(NestedProjects) = preSolution
		{2DBB8E5F-EB1E-4D8D-BBB8-CBF47E72EADB} = {87C9B955-BE1B-4400-88CB-B56AB3427D2D}
		{40A596EB-9219-4A00-B31D-2042B3688048} = {7FA45A66-2B41-4A92-A420-6815D1AE198D}
		{254C1844-A79D-43F3-8140-0741BF884986} = {78B27E12-C135-4167-BEB8-A9F063A54CE4}
		{0CB2A5E3-2333-4504-A98B-78EC1F50226D} = {78B27E12-C135-4167-BEB8-A9F063A54CE4}
		{A9D39E8B-A5A5-4F30-96F8-D142CC50B25B} = {78B27E12-C135-4167-BEB8-A9F063A54CE4}
		{DEC4BC9C-DC88-40DA-ACA5-8B0020F705FB} = {0F7AB8C7-B189-458C-806C-63789EFF492B}
		{A8ACE2D7-FE3B-453B-9361-E6EFA8921DA9} = {0F7AB8C7-B189-458C-806C-63789EFF492B}
		{8672C05B-E639-418C-8617-1982857F75B3} = {0F7AB8C7-B189-458C-806C-63789EFF492B}
		{3E3C44C1-E26A-4C44-A7AE-96DAB872541A} = {0F7AB8C7-B189-458C-806C-63789EFF492B}
		{89D28755-BC99-404D-AF86-E59EC0422F7A} = {0F7AB8C7-B189-458C-806C-63789EFF492B}
		{15070F85-7B5E-4B07-AE06-E7750730E937} = {0F7AB8C7-B189-458C-806C-63789EFF492B}
	EndGlobalSection
	GlobalSection(ExtensibilityGlobals) = postSolution
		SolutionGuid = {FA4E6BEB-2802-4B12-BAE5-3BFE2B7A25A3}
	EndGlobalSection
EndGlobal
